
Microsoft Visual Studio Solution File, Format Version 12.00
# Visual Studio Version 17
VisualStudioVersion = 17.3.32929.385
MinimumVisualStudioVersion = 10.0.40219.1
Project("{8BC9CEB8-8B4A-11D0-8D11-00A0C91BC942}") = "Menu", "Menu\Menu.vcxproj", "{772E1300-508E-4207-A013-C69DC9E11D5C}"
EndProject
Project("{8BC9CEB8-8B4A-11D0-8D11-00A0C91BC942}") = "testcode", "testcode\testcode.vcxproj", "{07148EFF-4E49-49D7-ABA6-695513FF41BB}"
EndProject
Project("{8BC9CEB8-8B4A-11D0-8D11-00A0C91BC942}") = "Tasks", "Tasks\Tasks.vcxproj", "{8472AD52-67E2-4A30-8AFC-EADBA0FF97CF}"
EndProject
Global
	GlobalSection(SolutionConfigurationPlatforms) = preSolution
		Debug|x64 = Debug|x64
		Debug|x86 = Debug|x86
		Release|x64 = Release|x64
		Release|x86 = Release|x86
	EndGlobalSection
	GlobalSection(ProjectConfigurationPlatforms) = postSolution
		{772E1300-508E-4207-A013-C69DC9E11D5C}.Debug|x64.ActiveCfg = Debug|x64
		{772E1300-508E-4207-A013-C69DC9E11D5C}.Debug|x64.Build.0 = Debug|x64
		{772E1300-508E-4207-A013-C69DC9E11D5C}.Debug|x86.ActiveCfg = Debug|Win32
		{772E1300-508E-4207-A013-C69DC9E11D5C}.Debug|x86.Build.0 = Debug|Win32
		{772E1300-508E-4207-A013-C69DC9E11D5C}.Release|x64.ActiveCfg = Release|x64
		{772E1300-508E-4207-A013-C69DC9E11D5C}.Release|x64.Build.0 = Release|x64
		{772E1300-508E-4207-A013-C69DC9E11D5C}.Release|x86.ActiveCfg = Release|Win32
		{772E1300-508E-4207-A013-C69DC9E11D5C}.Release|x86.Build.0 = Release|Win32
		{07148EFF-4E49-49D7-ABA6-695513FF41BB}.Debug|x64.ActiveCfg = Debug|x64
		{07148EFF-4E49-49D7-ABA6-695513FF41BB}.Debug|x64.Build.0 = Debug|x64
		{07148EFF-4E49-49D7-ABA6-695513FF41BB}.Debug|x86.ActiveCfg = Debug|Win32
		{07148EFF-4E49-49D7-ABA6-695513FF41BB}.Debug|x86.Build.0 = Debug|Win32
		{07148EFF-4E49-49D7-ABA6-695513FF41BB}.Release|x64.ActiveCfg = Release|x64
		{07148EFF-4E49-49D7-ABA6-695513FF41BB}.Release|x64.Build.0 = Release|x64
		{07148EFF-4E49-49D7-ABA6-695513FF41BB}.Release|x86.ActiveCfg = Release|Win32
		{07148EFF-4E49-49D7-ABA6-695513FF41BB}.Release|x86.Build.0 = Release|Win32
		{8472AD52-67E2-4A30-8AFC-EADBA0FF97CF}.Debug|x64.ActiveCfg = Debug|x64
		{8472AD52-67E2-4A30-8AFC-EADBA0FF97CF}.Debug|x64.Build.0 = Debug|x64
		{8472AD52-67E2-4A30-8AFC-EADBA0FF97CF}.Debug|x86.ActiveCfg = Debug|Win32
		{8472AD52-67E2-4A30-8AFC-EADBA0FF97CF}.Debug|x86.Build.0 = Debug|Win32
		{8472AD52-67E2-4A30-8AFC-EADBA0FF97CF}.Release|x64.ActiveCfg = Release|x64
		{8472AD52-67E2-4A30-8AFC-EADBA0FF97CF}.Release|x64.Build.0 = Release|x64
		{8472AD52-67E2-4A30-8AFC-EADBA0FF97CF}.Release|x86.ActiveCfg = Release|Win32
		{8472AD52-67E2-4A30-8AFC-EADBA0FF97CF}.Release|x86.Build.0 = Release|Win32
	EndGlobalSection
	GlobalSection(SolutionProperties) = preSolution
		HideSolutionNode = FALSE
	EndGlobalSection
	GlobalSection(ExtensibilityGlobals) = postSolution
		SolutionGuid = {85B9422A-63E0-4A5A-8825-279FB1DDC0A6}
	EndGlobalSection
EndGlobal
